{
  "name": "tree-sitter-erlang",
  "version": "0.0.0",
  "lockfileVersion": 3,
  "requires": true,
  "packages": {
    "": {
      "name": "tree-sitter-erlang",
      "version": "0.0.0",
      "license": "Apache-2.0",
      "dependencies": {
        "nan": "^2.14.1",
        "prettier": "^2.2.1",
        "tree-sitter-cli": "^0.20.8"
      }
    },
    "node_modules/nan": {
      "version": "2.17.0",
      "resolved": "https://registry.npmjs.org/nan/-/nan-2.17.0.tgz",
      "integrity": "sha512-2ZTgtl0nJsO0KQCjEpxcIr5D+Yv90plTitZt9JBfQvVJDS5seMl3FOvsh3+9CoYWXf/1l5OaZzzF6nDm4cagaQ=="
    },
    "node_modules/prettier": {
      "version": "2.8.8",
      "resolved": "https://registry.npmjs.org/prettier/-/prettier-2.8.8.tgz",
      "integrity": "sha512-tdN8qQGvNjw4CHbY+XXk0JgCXn9QiF21a55rBe5LJAU+kDyC4WQn4+awm2Xfk2lQMk5fKup9XgzTZtGkjBdP9Q==",
      "bin": {
        "prettier": "bin-prettier.js"
      },
      "engines": {
        "node": ">=10.13.0"
      },
      "funding": {
        "url": "https://github.com/prettier/prettier?sponsor=1"
      }
    },
    "node_modules/tree-sitter-cli": {
      "version": "0.20.8",
      "resolved": "https://registry.npmjs.org/tree-sitter-cli/-/tree-sitter-cli-0.20.8.tgz",
      "integrity": "sha512-XjTcS3wdTy/2cc/ptMLc/WRyOLECRYcMTrSWyhZnj1oGSOWbHLTklgsgRICU3cPfb0vy+oZCC33M43u6R1HSCA==",
      "hasInstallScript": true,
      "bin": {
        "tree-sitter": "cli.js"
      }
    }
  }
}
