{
  "name": "tree-sitter-janet-simple",
  "version": "0.0.1",
  "lockfileVersion": 1,
  "requires": true,
  "dependencies": {
    "nan": {
      "version": "2.14.2",
      "resolved": "https://registry.npmjs.org/nan/-/nan-2.14.2.tgz",
      "integrity": "sha512-M2ufzIiINKCuDfBSAUr1vWQ+vuVcA9kqx8JJUsbQi6yf1uGRyb7HfpdfUr5qLXf3B/t8dPvcjhKMmlfnP47EzQ=="
    },
    "tree-sitter-cli": {
      "version": "0.19.2",
      "resolved": "https://registry.npmjs.org/tree-sitter-cli/-/tree-sitter-cli-0.19.2.tgz",
      "integrity": "sha512-Ykmza3kS9QmPOkpNikKXR5c3IwPhTCrWj+Okj9vVilrPlR1gFlgnjoKWoX2aTDW8ODFKsT0KqFRm1Ey4+xvTxg==",
      "dev": true
    },
    "web-tree-sitter": {
      "version": "0.19.1",
      "resolved": "https://registry.npmjs.org/web-tree-sitter/-/web-tree-sitter-0.19.1.tgz",
      "integrity": "sha512-Wlveh+zdegmNdK733B18pf+NmliKs2t5+Aid8IOFIBV2MqJmnYVo3AdukbdZJ+iIxzBnIreYFKfcFFCWVEf4AA=="
    }
  }
}
