{
  "name": "tree-sitter-elixir",
  "version": "1.0.0",
  "lockfileVersion": 1,
  "requires": true,
  "dependencies": {
    "nan": {
      "version": "2.14.2",
      "resolved": "https://registry.npmjs.org/nan/-/nan-2.14.2.tgz",
      "integrity": "sha512-M2ufzIiINKCuDfBSAUr1vWQ+vuVcA9kqx8JJUsbQi6yf1uGRyb7HfpdfUr5qLXf3B/t8dPvcjhKMmlfnP47EzQ=="
    },
    "tree-sitter-cli": {
      "version": "0.18.3",
      "resolved": "https://registry.npmjs.org/tree-sitter-cli/-/tree-sitter-cli-0.18.3.tgz",
      "integrity": "sha512-ntN8Siljy7dlazb4cSYtZCfibaNppIy6RIr/XGt44GW1hAy/yuTLtKVi4kqYlImB4/7H0AjktcSlQRmI8zLNng==",
      "dev": true
    }
  }
}
