{
	"name": "tree-sitter-kotlin",
	"version": "0.2.4",
	"lockfileVersion": 1,
	"requires": true,
	"dependencies": {
		"nan": {
			"version": "2.14.0",
			"resolved": "https://registry.npmjs.org/nan/-/nan-2.14.0.tgz",
			"integrity": "sha512-INOFj37C7k3AfaNTtX8RhsTw7qRy7eLET14cROi9+5HAVbbHuIWUHEauBv5qT4Av2tWasiTY1Jw6puUNqRJXQg=="
		},
		"tree-sitter-cli": {
			"version": "0.16.9",
			"resolved": "https://registry.npmjs.org/tree-sitter-cli/-/tree-sitter-cli-0.16.9.tgz",
			"integrity": "sha512-Aguz2Ns7qG6t71MP9odhh4t9q3+f29BAmZq8XsTDMtoi5o/e9k+Umeqz6brNngCAz3vMBl1OX95ozdnYzhJWIA==",
			"dev": true
		}
	}
}
