# THIS IS AN AUTOGENERATED FILE. DO NOT EDIT THIS FILE DIRECTLY.
# yarn lockfile v1


nan@^2.14.1:
  version "2.14.1"
  resolved "https://registry.yarnpkg.com/nan/-/nan-2.14.1.tgz#d7be34dfa3105b91494c3147089315eff8874b01"
  integrity sha512-isWHgVjnFjh2x2yuJ/tj3JbwoHu3UC2dX5G/88Cm24yB6YopVgxvBObDY7n5xW6ExmFhJpSEQqFPvq9zaXc8Jw==

tree-sitter-cli@^0.16.9:
  version "0.16.9"
  resolved "https://registry.yarnpkg.com/tree-sitter-cli/-/tree-sitter-cli-0.16.9.tgz#e70f03389a694119b273cc62f457a257b231eadb"
  integrity sha512-Aguz2Ns7qG6t71MP9odhh4t9q3+f29BAmZq8XsTDMtoi5o/e9k+Umeqz6brNngCAz3vMBl1OX95ozdnYzhJWIA==
