# THIS IS AN AUTOGENERATED FILE. DO NOT EDIT THIS FILE DIRECTLY.
# yarn lockfile v1


"nan@^2.12.1", "nan@^2.14.0":
  "integrity" "sha512-8ZtvEnA2c5aYCZYd1cvgdnU6cqwixRoYg70xPLWUws5ORTa/lnw+u4amixRS/Ac5U5mQVgp9pnlSUnbNWFaWZQ=="
  "resolved" "https://registry.npmjs.org/nan/-/nan-2.15.0.tgz"
  "version" "2.15.0"

"tree-sitter-cli@^0.20.0":
  "integrity" "sha512-4D1qapWbJXZ5rrSUGM5rcw5Vuq/smzn9KbiFRhlON6KeuuXjra+KAtDYVrDgAoLIG4ku+jbEEGrJxCptUGi3dg=="
  "resolved" "https://registry.npmjs.org/tree-sitter-cli/-/tree-sitter-cli-0.20.0.tgz"
  "version" "0.20.0"

"tree-sitter-javascript@github:tree-sitter/tree-sitter-javascript#fdeb68a":
  "resolved" "git+ssh://git@github.com/tree-sitter/tree-sitter-javascript.git#fdeb68ac8d2bd5a78b943528bb68ceda3aade2eb"
  "version" "0.20.0"
  dependencies:
    "nan" "^2.12.1"
