{
  "name": "web-tree-sitter-sfapex",
  "version": "0.0.9-beta2",
  "lockfileVersion": 3,
  "requires": true,
  "packages": {
    "": {
      "name": "web-tree-sitter-sfapex",
      "version": "0.0.9-beta2",
      "license": "ISC",
      "dependencies": {
        "web-tree-sitter": "^0.20.8"
      }
    },
    "node_modules/web-tree-sitter": {
      "version": "0.20.8",
      "resolved": "https://registry.npmjs.org/web-tree-sitter/-/web-tree-sitter-0.20.8.tgz",
      "integrity": "sha512-weOVgZ3aAARgdnb220GqYuh7+rZU0Ka9k9yfKtGAzEYMa6GgiCzW9JjQRJyCJakvibQW+dfjJdihjInKuuCAUQ=="
    }
  }
}
